
Microsoft Visual Studio Solution File, Format Version 12.00
Project("{2150E333-8FDC-42A3-9474-1A3956D46DE8}") = ".paket", ".paket", "{FE4199B8-5117-4F95-97F7-346BEAFD6AE5}"
	ProjectSection(SolutionItems) = preProject
		paket.dependencies = paket.dependencies
		paket.lock = paket.lock
	EndProjectSection
EndProject
Project("{F2A71F9B-5D33-465A-A702-920D77279786}") = "FSharp.Logf", "src\FSharp.Logf\FSharp.Logf.fsproj", "{F482FADE-A438-4A10-955B-D2DA018A827A}"
EndProject
Project("{2150E333-8FDC-42A3-9474-1A3956D46DE8}") = "src", "src", "{84FB3DB5-A541-4954-BC46-0FB432000725}"
	ProjectSection(SolutionItems) = preProject
		src\Directory.Build.props = src\Directory.Build.props
	EndProjectSection
EndProject
Project("{F2A71F9B-5D33-465A-A702-920D77279786}") = "FSharp.Logf.ExpectoAdapter", "src\FSharp.Logf.ExpectoAdapter\FSharp.Logf.ExpectoAdapter.fsproj", "{02E4EAAC-9B55-4D21-9499-FF610094815D}"
EndProject
Project("{F2A71F9B-5D33-465A-A702-920D77279786}") = "FSharp.Logf.SuaveAdapter", "src\FSharp.Logf.SuaveAdapter\FSharp.Logf.SuaveAdapter.fsproj", "{768B87B0-08FC-4273-8166-D63B7E12CEF5}"
EndProject
Project("{2150E333-8FDC-42A3-9474-1A3956D46DE8}") = "Solution files", "Solution files", "{57B387C7-AAC7-41E3-A76A-F961C2F5DD34}"
	ProjectSection(SolutionItems) = preProject
		Readme.md = Readme.md
		global.json = global.json
		.gitignore = .gitignore
		build.cmd = build.cmd
		build.sh = build.sh
		package.json = package.json
		CHANGELOG.md = CHANGELOG.md
	EndProjectSection
EndProject
Project("{2150E333-8FDC-42A3-9474-1A3956D46DE8}") = "tests", "tests", "{B76BF83C-9A8F-4938-9301-F00D3020A1B7}"
EndProject
Project("{F2A71F9B-5D33-465A-A702-920D77279786}") = "FSharp.Logf.Tests", "tests\FSharp.Logf.Tests\FSharp.Logf.Tests.fsproj", "{833C0B68-DF6B-43EF-83D1-83AF81B76931}"
EndProject
Project("{F2A71F9B-5D33-465A-A702-920D77279786}") = "build", "build\build.fsproj", "{F06A5972-A392-487F-BA54-54C11AEF4309}"
EndProject
Project("{2150E333-8FDC-42A3-9474-1A3956D46DE8}") = "docs", "docs", "{EE03E9A5-3595-4A09-999C-AB11E68B3575}"
	ProjectSection(SolutionItems) = preProject
		docs\index.md = docs\index.md
	EndProjectSection
EndProject
Project("{F2A71F9B-5D33-465A-A702-920D77279786}") = "Fable.FSharp.Logf", "src\Fable.FSharp.Logf\Fable.FSharp.Logf.fsproj", "{0334CBCB-6703-4BAE-AE31-7BFD10F21ABB}"
EndProject
Global
	GlobalSection(SolutionConfigurationPlatforms) = preSolution
		Debug|Any CPU = Debug|Any CPU
		Release|Any CPU = Release|Any CPU
		FABLE_COMPILER|Any CPU = FABLE_COMPILER|Any CPU
	EndGlobalSection
	GlobalSection(ProjectConfigurationPlatforms) = postSolution
		{F482FADE-A438-4A10-955B-D2DA018A827A}.Debug|Any CPU.ActiveCfg = Debug|Any CPU
		{F482FADE-A438-4A10-955B-D2DA018A827A}.Debug|Any CPU.Build.0 = Debug|Any CPU
		{F482FADE-A438-4A10-955B-D2DA018A827A}.Release|Any CPU.ActiveCfg = Release|Any CPU
		{F482FADE-A438-4A10-955B-D2DA018A827A}.Release|Any CPU.Build.0 = Release|Any CPU
		{F482FADE-A438-4A10-955B-D2DA018A827A}.FABLE_COMPILER|Any CPU.ActiveCfg = FABLE_COMPILER|Any CPU
		{F482FADE-A438-4A10-955B-D2DA018A827A}.FABLE_COMPILER|Any CPU.Build.0 = FABLE_COMPILER|Any CPU
		{02E4EAAC-9B55-4D21-9499-FF610094815D}.Debug|Any CPU.ActiveCfg = Debug|Any CPU
		{02E4EAAC-9B55-4D21-9499-FF610094815D}.Debug|Any CPU.Build.0 = Debug|Any CPU
		{02E4EAAC-9B55-4D21-9499-FF610094815D}.Release|Any CPU.ActiveCfg = Release|Any CPU
		{02E4EAAC-9B55-4D21-9499-FF610094815D}.Release|Any CPU.Build.0 = Release|Any CPU
		{02E4EAAC-9B55-4D21-9499-FF610094815D}.FABLE_COMPILER|Any CPU.ActiveCfg = FABLE_COMPILER|Any CPU
		{02E4EAAC-9B55-4D21-9499-FF610094815D}.FABLE_COMPILER|Any CPU.Build.0 = FABLE_COMPILER|Any CPU
		{768B87B0-08FC-4273-8166-D63B7E12CEF5}.Debug|Any CPU.ActiveCfg = Debug|Any CPU
		{768B87B0-08FC-4273-8166-D63B7E12CEF5}.Debug|Any CPU.Build.0 = Debug|Any CPU
		{768B87B0-08FC-4273-8166-D63B7E12CEF5}.Release|Any CPU.ActiveCfg = Release|Any CPU
		{768B87B0-08FC-4273-8166-D63B7E12CEF5}.Release|Any CPU.Build.0 = Release|Any CPU
		{768B87B0-08FC-4273-8166-D63B7E12CEF5}.FABLE_COMPILER|Any CPU.ActiveCfg = FABLE_COMPILER|Any CPU
		{768B87B0-08FC-4273-8166-D63B7E12CEF5}.FABLE_COMPILER|Any CPU.Build.0 = FABLE_COMPILER|Any CPU
		{833C0B68-DF6B-43EF-83D1-83AF81B76931}.Debug|Any CPU.ActiveCfg = Debug|Any CPU
		{833C0B68-DF6B-43EF-83D1-83AF81B76931}.Debug|Any CPU.Build.0 = Debug|Any CPU
		{833C0B68-DF6B-43EF-83D1-83AF81B76931}.Release|Any CPU.ActiveCfg = Release|Any CPU
		{833C0B68-DF6B-43EF-83D1-83AF81B76931}.Release|Any CPU.Build.0 = Release|Any CPU
		{833C0B68-DF6B-43EF-83D1-83AF81B76931}.FABLE_COMPILER|Any CPU.ActiveCfg = FABLE_COMPILER|Any CPU
		{833C0B68-DF6B-43EF-83D1-83AF81B76931}.FABLE_COMPILER|Any CPU.Build.0 = FABLE_COMPILER|Any CPU
		{F06A5972-A392-487F-BA54-54C11AEF4309}.Debug|Any CPU.ActiveCfg = Debug|Any CPU
		{F06A5972-A392-487F-BA54-54C11AEF4309}.Debug|Any CPU.Build.0 = Debug|Any CPU
		{F06A5972-A392-487F-BA54-54C11AEF4309}.Release|Any CPU.ActiveCfg = Release|Any CPU
		{F06A5972-A392-487F-BA54-54C11AEF4309}.Release|Any CPU.Build.0 = Release|Any CPU
		{F06A5972-A392-487F-BA54-54C11AEF4309}.FABLE_COMPILER|Any CPU.ActiveCfg = Debug|Any CPU
		{F06A5972-A392-487F-BA54-54C11AEF4309}.FABLE_COMPILER|Any CPU.Build.0 = Debug|Any CPU
		{0334CBCB-6703-4BAE-AE31-7BFD10F21ABB}.Debug|Any CPU.ActiveCfg = Debug|Any CPU
		{0334CBCB-6703-4BAE-AE31-7BFD10F21ABB}.Debug|Any CPU.Build.0 = Debug|Any CPU
		{0334CBCB-6703-4BAE-AE31-7BFD10F21ABB}.Release|Any CPU.ActiveCfg = Release|Any CPU
		{0334CBCB-6703-4BAE-AE31-7BFD10F21ABB}.Release|Any CPU.Build.0 = Release|Any CPU
		{0334CBCB-6703-4BAE-AE31-7BFD10F21ABB}.FABLE_COMPILER|Any CPU.ActiveCfg = FABLE_COMPILER|Any CPU
		{0334CBCB-6703-4BAE-AE31-7BFD10F21ABB}.FABLE_COMPILER|Any CPU.Build.0 = FABLE_COMPILER|Any CPU
	EndGlobalSection
	GlobalSection(NestedProjects) = preSolution
		{F482FADE-A438-4A10-955B-D2DA018A827A} = {84FB3DB5-A541-4954-BC46-0FB432000725}
		{02E4EAAC-9B55-4D21-9499-FF610094815D} = {84FB3DB5-A541-4954-BC46-0FB432000725}
		{768B87B0-08FC-4273-8166-D63B7E12CEF5} = {84FB3DB5-A541-4954-BC46-0FB432000725}
		{833C0B68-DF6B-43EF-83D1-83AF81B76931} = {B76BF83C-9A8F-4938-9301-F00D3020A1B7}
		{0334CBCB-6703-4BAE-AE31-7BFD10F21ABB} = {84FB3DB5-A541-4954-BC46-0FB432000725}
	EndGlobalSection
EndGlobal
